
Microsoft Visual Studio Solution File, Format Version 12.00
# Visual Studio Version 17
VisualStudioVersion = 17.0.31903.59
MinimumVisualStudioVersion = 10.0.40219.1
Project("{FAE04EC0-301F-11D3-BF4B-00C04F79EFBC}") = "Dec01", "Dec01\Dec01.csproj", "{1FAC7435-8664-4E33-82F6-AE794065E84A}"
EndProject
Project("{FAE04EC0-301F-11D3-BF4B-00C04F79EFBC}") = "Dec02", "Dec02\Dec02.csproj", "{9D32E1C4-0988-4ED1-957B-FBF7B3A4FB5E}"
EndProject
Project("{FAE04EC0-301F-11D3-BF4B-00C04F79EFBC}") = "Dec03", "Dec03\Dec03.csproj", "{D05E0081-62FB-48A1-B555-1741206DDB17}"
EndProject
Project("{FAE04EC0-301F-11D3-BF4B-00C04F79EFBC}") = "Dec04", "Dec04\Dec04.csproj", "{5018763D-76C3-458E-A1DB-004956321A26}"
EndProject
Project("{FAE04EC0-301F-11D3-BF4B-00C04F79EFBC}") = "Dec05", "Dec05\Dec05.csproj", "{7BA96AE8-7763-4431-9E81-A2060EE1B106}"
EndProject
Project("{FAE04EC0-301F-11D3-BF4B-00C04F79EFBC}") = "Dec06", "Dec06\Dec06.csproj", "{379B9BA3-48F0-4218-B0DA-1E5D81F41BA2}"
EndProject
Project("{FAE04EC0-301F-11D3-BF4B-00C04F79EFBC}") = "Dec07", "Dec07\Dec07.csproj", "{CF3500CF-203C-4990-A15F-1CAB2D83E7B2}"
EndProject
Project("{FAE04EC0-301F-11D3-BF4B-00C04F79EFBC}") = "Dec08", "Dec08\Dec08.csproj", "{842A8F0B-DD8D-4117-8BA3-0B055E1FF73A}"
EndProject
Project("{FAE04EC0-301F-11D3-BF4B-00C04F79EFBC}") = "Dec09", "Dec09\Dec09.csproj", "{3BF137F3-5335-4542-9504-F194F9C7EADE}"
EndProject
Project("{FAE04EC0-301F-11D3-BF4B-00C04F79EFBC}") = "Dec10", "Dec10\Dec10.csproj", "{A94094A8-DA30-406D-8115-4ED23BE9E577}"
EndProject
Project("{FAE04EC0-301F-11D3-BF4B-00C04F79EFBC}") = "Dec11", "Dec11\Dec11.csproj", "{3BC9709E-E215-462C-BF87-FA75AB1CE2DC}"
EndProject
Global
	GlobalSection(SolutionConfigurationPlatforms) = preSolution
		Debug|Any CPU = Debug|Any CPU
		Release|Any CPU = Release|Any CPU
	EndGlobalSection
	GlobalSection(SolutionProperties) = preSolution
		HideSolutionNode = FALSE
	EndGlobalSection
	GlobalSection(ProjectConfigurationPlatforms) = postSolution
		{1FAC7435-8664-4E33-82F6-AE794065E84A}.Debug|Any CPU.ActiveCfg = Debug|Any CPU
		{1FAC7435-8664-4E33-82F6-AE794065E84A}.Debug|Any CPU.Build.0 = Debug|Any CPU
		{1FAC7435-8664-4E33-82F6-AE794065E84A}.Release|Any CPU.ActiveCfg = Release|Any CPU
		{1FAC7435-8664-4E33-82F6-AE794065E84A}.Release|Any CPU.Build.0 = Release|Any CPU
		{9D32E1C4-0988-4ED1-957B-FBF7B3A4FB5E}.Debug|Any CPU.ActiveCfg = Debug|Any CPU
		{9D32E1C4-0988-4ED1-957B-FBF7B3A4FB5E}.Debug|Any CPU.Build.0 = Debug|Any CPU
		{9D32E1C4-0988-4ED1-957B-FBF7B3A4FB5E}.Release|Any CPU.ActiveCfg = Release|Any CPU
		{9D32E1C4-0988-4ED1-957B-FBF7B3A4FB5E}.Release|Any CPU.Build.0 = Release|Any CPU
		{D05E0081-62FB-48A1-B555-1741206DDB17}.Debug|Any CPU.ActiveCfg = Debug|Any CPU
		{D05E0081-62FB-48A1-B555-1741206DDB17}.Debug|Any CPU.Build.0 = Debug|Any CPU
		{D05E0081-62FB-48A1-B555-1741206DDB17}.Release|Any CPU.ActiveCfg = Release|Any CPU
		{D05E0081-62FB-48A1-B555-1741206DDB17}.Release|Any CPU.Build.0 = Release|Any CPU
		{5018763D-76C3-458E-A1DB-004956321A26}.Debug|Any CPU.ActiveCfg = Debug|Any CPU
		{5018763D-76C3-458E-A1DB-004956321A26}.Debug|Any CPU.Build.0 = Debug|Any CPU
		{5018763D-76C3-458E-A1DB-004956321A26}.Release|Any CPU.ActiveCfg = Release|Any CPU
		{5018763D-76C3-458E-A1DB-004956321A26}.Release|Any CPU.Build.0 = Release|Any CPU
		{7BA96AE8-7763-4431-9E81-A2060EE1B106}.Debug|Any CPU.ActiveCfg = Debug|Any CPU
		{7BA96AE8-7763-4431-9E81-A2060EE1B106}.Debug|Any CPU.Build.0 = Debug|Any CPU
		{7BA96AE8-7763-4431-9E81-A2060EE1B106}.Release|Any CPU.ActiveCfg = Release|Any CPU
		{7BA96AE8-7763-4431-9E81-A2060EE1B106}.Release|Any CPU.Build.0 = Release|Any CPU
		{379B9BA3-48F0-4218-B0DA-1E5D81F41BA2}.Debug|Any CPU.ActiveCfg = Debug|Any CPU
		{379B9BA3-48F0-4218-B0DA-1E5D81F41BA2}.Debug|Any CPU.Build.0 = Debug|Any CPU
		{379B9BA3-48F0-4218-B0DA-1E5D81F41BA2}.Release|Any CPU.ActiveCfg = Release|Any CPU
		{379B9BA3-48F0-4218-B0DA-1E5D81F41BA2}.Release|Any CPU.Build.0 = Release|Any CPU
		{CF3500CF-203C-4990-A15F-1CAB2D83E7B2}.Debug|Any CPU.ActiveCfg = Debug|Any CPU
		{CF3500CF-203C-4990-A15F-1CAB2D83E7B2}.Debug|Any CPU.Build.0 = Debug|Any CPU
		{CF3500CF-203C-4990-A15F-1CAB2D83E7B2}.Release|Any CPU.ActiveCfg = Release|Any CPU
		{CF3500CF-203C-4990-A15F-1CAB2D83E7B2}.Release|Any CPU.Build.0 = Release|Any CPU
		{842A8F0B-DD8D-4117-8BA3-0B055E1FF73A}.Debug|Any CPU.ActiveCfg = Debug|Any CPU
		{842A8F0B-DD8D-4117-8BA3-0B055E1FF73A}.Debug|Any CPU.Build.0 = Debug|Any CPU
		{842A8F0B-DD8D-4117-8BA3-0B055E1FF73A}.Release|Any CPU.ActiveCfg = Release|Any CPU
		{842A8F0B-DD8D-4117-8BA3-0B055E1FF73A}.Release|Any CPU.Build.0 = Release|Any CPU
		{3BF137F3-5335-4542-9504-F194F9C7EADE}.Debug|Any CPU.ActiveCfg = Debug|Any CPU
		{3BF137F3-5335-4542-9504-F194F9C7EADE}.Debug|Any CPU.Build.0 = Debug|Any CPU
		{3BF137F3-5335-4542-9504-F194F9C7EADE}.Release|Any CPU.ActiveCfg = Release|Any CPU
		{3BF137F3-5335-4542-9504-F194F9C7EADE}.Release|Any CPU.Build.0 = Release|Any CPU
		{A94094A8-DA30-406D-8115-4ED23BE9E577}.Debug|Any CPU.ActiveCfg = Debug|Any CPU
		{A94094A8-DA30-406D-8115-4ED23BE9E577}.Debug|Any CPU.Build.0 = Debug|Any CPU
		{A94094A8-DA30-406D-8115-4ED23BE9E577}.Release|Any CPU.ActiveCfg = Release|Any CPU
		{A94094A8-DA30-406D-8115-4ED23BE9E577}.Release|Any CPU.Build.0 = Release|Any CPU
		{3BC9709E-E215-462C-BF87-FA75AB1CE2DC}.Debug|Any CPU.ActiveCfg = Debug|Any CPU
		{3BC9709E-E215-462C-BF87-FA75AB1CE2DC}.Debug|Any CPU.Build.0 = Debug|Any CPU
		{3BC9709E-E215-462C-BF87-FA75AB1CE2DC}.Release|Any CPU.ActiveCfg = Release|Any CPU
		{3BC9709E-E215-462C-BF87-FA75AB1CE2DC}.Release|Any CPU.Build.0 = Release|Any CPU
	EndGlobalSection
EndGlobal
